// !$*UTF8*$!
{
	archiveVersion = 1;
	classes = {
	};
	objectVersion = 46;
	objects = {

/* Begin PBXBuildFile section */
		928F89661CC86A3200D8ECCE /* AppDelegate.swift in Sources */ = {isa = PBXBuildFile; fileRef = 928F89651CC86A3200D8ECCE /* AppDelegate.swift */; };
		928F89681CC86A3200D8ECCE /* Assets.xcassets in Resources */ = {isa = PBXBuildFile; fileRef = 928F89671CC86A3200D8ECCE /* Assets.xcassets */; };
		928F896B1CC86A3200D8ECCE /* MainMenu.xib in Resources */ = {isa = PBXBuildFile; fileRef = 928F89691CC86A3200D8ECCE /* MainMenu.xib */; };
/* End PBXBuildFile section */

/* Begin PBXFileReference section */
		928F89621CC86A3200D8ECCE /* EBC Logger.app */ = {isa = PBXFileReference; explicitFileType = wrapper.application; includeInIndex = 0; path = "EBC Logger.app"; sourceTree = BUILT_PRODUCTS_DIR; };
		928F89651CC86A3200D8ECCE /* AppDelegate.swift */ = {isa = PBXFileReference; lastKnownFileType = sourcecode.swift; path = AppDelegate.swift; sourceTree = "<group>"; };
		928F89671CC86A3200D8ECCE /* Assets.xcassets */ = {isa = PBXFileReference; lastKnownFileType = folder.assetcatalog; path = Assets.xcassets; sourceTree = "<group>"; };
		928F896A1CC86A3200D8ECCE /* Base */ = {isa = PBXFileReference; lastKnownFileType = file.xib; name = Base; path = Base.lproj/MainMenu.xib; sourceTree = "<group>"; };
		928F896C1CC86A3200D8ECCE /* Info.plist */ = {isa = PBXFileReference; lastKnownFileType = text.plist.xml; path = Info.plist; sourceTree = "<group>"; };
/* End PBXFileReference section */

/* Begin PBXFrameworksBuildPhase section */
		928F895F1CC86A3200D8ECCE /* Frameworks */ = {
			isa = PBXFrameworksBuildPhase;
			buildActionMask = 2147483647;
			files = (
			);
			runOnlyForDeploymentPostprocessing = 0;
		};
/* End PBXFrameworksBuildPhase section */

/* Begin PBXGroup section */
		928F89591CC86A3200D8ECCE = {
			isa = PBXGroup;
			children = (
				928F89641CC86A3200D8ECCE /* EBC Logger */,
				928F89631CC86A3200D8ECCE /* Products */,
			);
			sourceTree = "<group>";
		};
		928F89631CC86A3200D8ECCE /* Products */ = {
			isa = PBXGroup;
			children = (
				928F89621CC86A3200D8ECCE /* EBC Logger.app */,
			);
			name = Products;
			sourceTree = "<group>";
		};
		928F89641CC86A3200D8ECCE /* EBC Logger */ = {
			isa = PBXGroup;
			children = (
				928F89651CC86A3200D8ECCE /* AppDelegate.swift */,
				928F89671CC86A3200D8ECCE /* Assets.xcassets */,
				928F89691CC86A3200D8ECCE /* MainMenu.xib */,
				928F896C1CC86A3200D8ECCE /* Info.plist */,
			);
			path = "EBC Logger";
			sourceTree = "<group>";
		};
/* End PBXGroup section */

/* Begin PBXNativeTarget section */
		928F89611CC86A3200D8ECCE /* EBC Logger */ = {
			isa = PBXNativeTarget;
			buildConfigurationList = 928F896F1CC86A3200D8ECCE /* Build configuration list for PBXNativeTarget "EBC Logger" */;
			buildPhases = (
				928F895E1CC86A3200D8ECCE /* Sources */,
				928F895F1CC86A3200D8ECCE /* Frameworks */,
				928F89601CC86A3200D8ECCE /* Resources */,
			);
			buildRules = (
			);
			dependencies = (
			);
			name = "EBC Logger";
			productName = "EBC Logger";
			productReference = 928F89621CC86A3200D8ECCE /* EBC Logger.app */;
			productType = "com.apple.product-type.application";
		};
/* End PBXNativeTarget section */

/* Begin PBXProject section */
		928F895A1CC86A3200D8ECCE /* Project object */ = {
			isa = PBXProject;
			attributes = {
				LastSwiftUpdateCheck = 0730;
				LastUpgradeCheck = 0730;
				ORGANIZATIONNAME = "Zachary Massia";
				TargetAttributes = {
					928F89611CC86A3200D8ECCE = {
						CreatedOnToolsVersion = 7.3;
					};
				};
			};
			buildConfigurationList = 928F895D1CC86A3200D8ECCE /* Build configuration list for PBXProject "EBC Logger" */;
			compatibilityVersion = "Xcode 3.2";
			developmentRegion = English;
			hasScannedForEncodings = 0;
			knownRegions = (
				en,
				Base,
			);
			mainGroup = 928F89591CC86A3200D8ECCE;
			productRefGroup = 928F89631CC86A3200D8ECCE /* Products */;
			projectDirPath = "";
			projectRoot = "";
			targets = (
				928F89611CC86A3200D8ECCE /* EBC Logger */,
			);
		};
/* End PBXProject section */

/* Begin PBXResourcesBuildPhase section */
		928F89601CC86A3200D8ECCE /* Resources */ = {
			isa = PBXResourcesBuildPhase;
			buildActionMask = 2147483647;
			files = (
				928F89681CC86A3200D8ECCE /* Assets.xcassets in Resources */,
				928F896B1CC86A3200D8ECCE /* MainMenu.xib in Resources */,
			);
			runOnlyForDeploymentPostprocessing = 0;
		};
/* End PBXResourcesBuildPhase section */

/* Begin PBXSourcesBuildPhase section */
		928F895E1CC86A3200D8ECCE /* Sources */ = {
			isa = PBXSourcesBuildPhase;
			buildActionMask = 2147483647;
			files = (
				928F89661CC86A3200D8ECCE /* AppDelegate.swift in Sources */,
			);
			runOnlyForDeploymentPostprocessing = 0;
		};
/* End PBXSourcesBuildPhase section */

/* Begin PBXVariantGroup section */
		928F89691CC86A3200D8ECCE /* MainMenu.xib */ = {
			isa = PBXVariantGroup;
			children = (
				928F896A1CC86A3200D8ECCE /* Base */,
			);
			name = MainMenu.xib;
			sourceTree = "<group>";
		};
/* End PBXVariantGroup section */

/* Begin XCBuildConfiguration section */
		928F896D1CC86A3200D8ECCE /* Debug */ = {
			isa = XCBuildConfiguration;
			buildSettings = {
				ALWAYS_SEARCH_USER_PATHS = NO;
				CLANG_ANALYZER_NONNULL = YES;
				CLANG_CXX_LANGUAGE_STANDARD = "gnu++0x";
				CLANG_CXX_LIBRARY = "libc++";
				CLANG_ENABLE_MODULES = YES;
				CLANG_ENABLE_OBJC_ARC = YES;
				CLANG_WARN_BOOL_CONVERSION = YES;
				CLANG_WARN_CONSTANT_CONVERSION = YES;
				CLANG_WARN_DIRECT_OBJC_ISA_USAGE = YES_ERROR;
				CLANG_WARN_EMPTY_BODY = YES;
				CLANG_WARN_ENUM_CONVERSION = YES;
				CLANG_WARN_INT_CONVERSION = YES;
				CLANG_WARN_OBJC_ROOT_CLASS = YES_ERROR;
				CLANG_WARN_UNREACHABLE_CODE = YES;
				CLANG_WARN__DUPLICATE_METHOD_MATCH = YES;
				CODE_SIGN_IDENTITY = "-";
				COPY_PHASE_STRIP = NO;
				DEBUG_INFORMATION_FORMAT = dwarf;
				ENABLE_STRICT_OBJC_MSGSEND = YES;
				ENABLE_TESTABILITY = YES;
				GCC_C_LANGUAGE_STANDARD = gnu99;
				GCC_DYNAMIC_NO_PIC = NO;
				GCC_NO_COMMON_BLOCKS = YES;
				GCC_OPTIMIZATION_LEVEL = 0;
				GCC_PREPROCESSOR_DEFINITIONS = (
					"DEBUG=1",
					"$(inherited)",
				);
				GCC_WARN_64_TO_32_BIT_CONVERSION = YES;
				GCC_WARN_ABOUT_RETURN_TYPE = YES_ERROR;
				GCC_WARN_UNDECLARED_SELECTOR = YES;
				GCC_WARN_UNINITIALIZED_AUTOS = YES_AGGRESSIVE;
				GCC_WARN_UNUSED_FUNCTION = YES;
				GCC_WARN_UNUSED_VARIABLE = YES;
				MACOSX_DEPLOYMENT_TARGET = 10.11;
				MTL_ENABLE_DEBUG_INFO = YES;
				ONLY_ACTIVE_ARCH = YES;
				SDKROOT = macosx;
				SWIFT_OPTIMIZATION_LEVEL = "-Onone";
			};
			name = Debug;
		};
		928F896E1CC86A3200D8ECCE /* Release */ = {
			isa = XCBuildConfiguration;
			buildSettings = {
				ALWAYS_SEARCH_USER_PATHS = NO;
				CLANG_ANALYZER_NONNULL = YES;
				CLANG_CXX_LANGUAGE_STANDARD = "gnu++0x";
				CLANG_CXX_LIBRARY = "libc++";
				CLANG_ENABLE_MODULES = YES;
				CLANG_ENABLE_OBJC_ARC = YES;
				CLANG_WARN_BOOL_CONVERSION = YES;
				CLANG_WARN_CONSTANT_CONVERSION = YES;
				CLANG_WARN_DIRECT_OBJC_ISA_USAGE = YES_ERROR;
				CLANG_WARN_EMPTY_BODY = YES;
				CLANG_WARN_ENUM_CONVERSION = YES;
				CLANG_WARN_INT_CONVERSION = YES;
				CLANG_WARN_OBJC_ROOT_CLASS = YES_ERROR;
				CLANG_WARN_UNREACHABLE_CODE = YES;
				CLANG_WARN__DUPLICATE_METHOD_MATCH = YES;
				CODE_SIGN_IDENTITY = "-";
				COPY_PHASE_STRIP = NO;
				DEBUG_INFORMATION_FORMAT = "dwarf-with-dsym";
				ENABLE_NS_ASSERTIONS = NO;
				ENABLE_STRICT_OBJC_MSGSEND = YES;
				GCC_C_LANGUAGE_STANDARD = gnu99;
				GCC_NO_COMMON_BLOCKS = YES;
				GCC_WARN_64_TO_32_BIT_CONVERSION = YES;
				GCC_WARN_ABOUT_RETURN_TYPE = YES_ERROR;
				GCC_WARN_UNDECLARED_SELECTOR = YES;
				GCC_WARN_UNINITIALIZED_AUTOS = YES_AGGRESSIVE;
				GCC_WARN_UNUSED_FUNCTION = YES;
				GCC_WARN_UNUSED_VARIABLE = YES;
				MACOSX_DEPLOYMENT_TARGET = 10.11;
				MTL_ENABLE_DEBUG_INFO = NO;
				SDKROOT = macosx;
			};
			name = Release;
		};
		928F89701CC86A3200D8ECCE /* Debug */ = {
			isa = XCBuildConfiguration;
			buildSettings = {
				ASSETCATALOG_COMPILER_APPICON_NAME = AppIcon;
				COMBINE_HIDPI_IMAGES = YES;
				INFOPLIST_FILE = "EBC Logger/Info.plist";
				LD_RUNPATH_SEARCH_PATHS = "$(inherited) @executable_path/../Frameworks";
				PRODUCT_BUNDLE_IDENTIFIER = "com.github.ZachMassia.EBC-Logger";
				PRODUCT_NAME = "$(TARGET_NAME)";
			};
			name = Debug;
		};
		928F89711CC86A3200D8ECCE /* Release */ = {
			isa = XCBuildConfiguration;
			buildSettings = {
				ASSETCATALOG_COMPILER_APPICON_NAME = AppIcon;
				COMBINE_HIDPI_IMAGES = YES;
				INFOPLIST_FILE = "EBC Logger/Info.plist";
				LD_RUNPATH_SEARCH_PATHS = "$(inherited) @executable_path/../Frameworks";
				PRODUCT_BUNDLE_IDENTIFIER = "com.github.ZachMassia.EBC-Logger";
				PRODUCT_NAME = "$(TARGET_NAME)";
			};
			name = Release;
		};
/* End XCBuildConfiguration section */

/* Begin XCConfigurationList section */
		928F895D1CC86A3200D8ECCE /* Build configuration list for PBXProject "EBC Logger" */ = {
			isa = XCConfigurationList;
			buildConfigurations = (
				928F896D1CC86A3200D8ECCE /* Debug */,
				928F896E1CC86A3200D8ECCE /* Release */,
			);
			defaultConfigurationIsVisible = 0;
			defaultConfigurationName = Release;
		};
		928F896F1CC86A3200D8ECCE /* Build configuration list for PBXNativeTarget "EBC Logger" */ = {
			isa = XCConfigurationList;
			buildConfigurations = (
				928F89701CC86A3200D8ECCE /* Debug */,
				928F89711CC86A3200D8ECCE /* Release */,
			);
			defaultConfigurationIsVisible = 0;
		};
/* End XCConfigurationList section */
	};
	rootObject = 928F895A1CC86A3200D8ECCE /* Project object */;
}
